
Microsoft Visual Studio Solution File, Format Version 12.00
# Visual Studio Version 17
VisualStudioVersion = 17.13.35806.99 d17.13
MinimumVisualStudioVersion = 10.0.40219.1
Project("{FAE04EC0-301F-11D3-BF4B-00C04F79EFBC}") = "Blazor.SvgDiagram", "Blazor.SvgDiagram\Blazor.SvgDiagram.csproj", "{ED32C1E6-77D0-441B-981B-B23E73412F7D}"
EndProject
Global
	GlobalSection(SolutionConfigurationPlatforms) = preSolution
		Debug|Any CPU = Debug|Any CPU
		Release|Any CPU = Release|Any CPU
	EndGlobalSection
	GlobalSection(ProjectConfigurationPlatforms) = postSolution
		{ED32C1E6-77D0-441B-981B-B23E73412F7D}.Debug|Any CPU.ActiveCfg = Debug|Any CPU
		{ED32C1E6-77D0-441B-981B-B23E73412F7D}.Debug|Any CPU.Build.0 = Debug|Any CPU
		{ED32C1E6-77D0-441B-981B-B23E73412F7D}.Release|Any CPU.ActiveCfg = Release|Any CPU
		{ED32C1E6-77D0-441B-981B-B23E73412F7D}.Release|Any CPU.Build.0 = Release|Any CPU
	EndGlobalSection
	GlobalSection(SolutionProperties) = preSolution
		HideSolutionNode = FALSE
	EndGlobalSection
	GlobalSection(ExtensibilityGlobals) = postSolution
		SolutionGuid = {CACA7E3B-848F-43F4-BAAD-91CB7E69C9B9}
	EndGlobalSection
EndGlobal
